
Microsoft Visual Studio Solution File, Format Version 12.00
# Visual Studio Version 16
VisualStudioVersion = 16.0.30907.101
MinimumVisualStudioVersion = 10.0.40219.1
Project("{FAE04EC0-301F-11D3-BF4B-00C04F79EFBC}") = "MRCView", "MRCView.csproj", "{B5271106-F688-48C5-A7FB-76B79B77C40A}"
EndProject
Global
	GlobalSection(SolutionConfigurationPlatforms) = preSolution
		Debug|Any CPU = Debug|Any CPU
		Release|Any CPU = Release|Any CPU
	EndGlobalSection
	GlobalSection(ProjectConfigurationPlatforms) = postSolution
		{B5271106-F688-48C5-A7FB-76B79B77C40A}.Debug|Any CPU.ActiveCfg = Debug|Any CPU
		{B5271106-F688-48C5-A7FB-76B79B77C40A}.Debug|Any CPU.Build.0 = Debug|Any CPU
		{B5271106-F688-48C5-A7FB-76B79B77C40A}.Release|Any CPU.ActiveCfg = Release|Any CPU
		{B5271106-F688-48C5-A7FB-76B79B77C40A}.Release|Any CPU.Build.0 = Release|Any CPU
	EndGlobalSection
	GlobalSection(SolutionProperties) = preSolution
		HideSolutionNode = FALSE
	EndGlobalSection
	GlobalSection(ExtensibilityGlobals) = postSolution
		SolutionGuid = {D6E28FCF-B050-4287-B676-6A41063093A4}
	EndGlobalSection
EndGlobal
